{
    "_readme": [
        "This file locks the dependencies of your project to a known state",
        "Read more about it at https://getcomposer.org/doc/01-basic-usage.md#installing-dependencies",
        "This file is @generated automatically"
    ],
    "content-hash": "8b57ce07f7c6c5198e9cc6efb812de3e",
    "packages": [
        {
            "name": "peterson/validator",
            "version": "3.3.7",
            "source": {
                "type": "git",
                "url": "https://github.com/tamedevelopers/validator.git",
                "reference": "945c68f562f5a4ff189d0a3c830bc17127e7c21c"
            },
            "dist": {
                "type": "zip",
                "url": "https://api.github.com/repos/tamedevelopers/validator/zipball/945c68f562f5a4ff189d0a3c830bc17127e7c21c",
                "reference": "945c68f562f5a4ff189d0a3c830bc17127e7c21c",
                "shasum": ""
            },
            "require": {
                "php": ">=7.2"
            },
            "type": "library",
            "autoload": {
                "files": [
                    "src/helpers.php"
                ],
                "psr-4": {
                    "UltimateValidator\\": "src/"
                },
                "classmap": [
                    "src/*"
                ]
            },
            "notification-url": "https://packagist.org/downloads/",
            "license": [
                "MIT"
            ],
            "authors": [
                {
                    "name": "Fredrick Peterson",
                    "email": "fredi.peterson2000@gmail.com"
                },
                {
                    "name": "Tame Developers",
                    "email": "tamedevelopers@gmail.com"
                }
            ],
            "description": "PHP Form Validator is a small no-depencies library for PHP codes.",
            "homepage": "https://github.com/tamedevelopers/validator",
            "keywords": [
                "Forms",
                "easy validation",
                "form",
                "form validator",
                "php",
                "php form validator",
                "php forms"
            ],
            "support": {
                "issues": "https://github.com/tamedevelopers/validator/issues",
                "source": "https://github.com/tamedevelopers/validator/tree/3.3.7"
            },
            "time": "2023-09-15T22:00:45+00:00"
        }
    ],
    "packages-dev": [],
    "aliases": [],
    "minimum-stability": "stable",
    "stability-flags": [],
    "prefer-stable": false,
    "prefer-lowest": false,
    "platform": [],
    "platform-dev": [],
    "plugin-api-version": "2.3.0"
}
